
Microsoft Visual Studio Solution File, Format Version 12.00
# Visual Studio Version 17
VisualStudioVersion = 17.10.34916.146
MinimumVisualStudioVersion = 10.0.40219.1
Project("{FAE04EC0-301F-11D3-BF4B-00C04F79EFBC}") = "HomeWork10", "HomeWork10\HomeWork10.csproj", "{14482483-BF47-473D-AE9F-5D193AD02051}"
EndProject
Global
	GlobalSection(SolutionConfigurationPlatforms) = preSolution
		Debug|Any CPU = Debug|Any CPU
		Release|Any CPU = Release|Any CPU
	EndGlobalSection
	GlobalSection(ProjectConfigurationPlatforms) = postSolution
		{14482483-BF47-473D-AE9F-5D193AD02051}.Debug|Any CPU.ActiveCfg = Debug|Any CPU
		{14482483-BF47-473D-AE9F-5D193AD02051}.Debug|Any CPU.Build.0 = Debug|Any CPU
		{14482483-BF47-473D-AE9F-5D193AD02051}.Release|Any CPU.ActiveCfg = Release|Any CPU
		{14482483-BF47-473D-AE9F-5D193AD02051}.Release|Any CPU.Build.0 = Release|Any CPU
	EndGlobalSection
	GlobalSection(SolutionProperties) = preSolution
		HideSolutionNode = FALSE
	EndGlobalSection
	GlobalSection(ExtensibilityGlobals) = postSolution
		SolutionGuid = {E3A6A42C-27C2-42BA-8525-31BC5FDE477D}
	EndGlobalSection
EndGlobal
